// !$*UTF8*$!
{
	archiveVersion = 1;
	classes = {
	};
	objectVersion = 50;
	objects = {

/* Begin PBXBuildFile section */
		11BE664A20FD629700CEB90E /* ChuckNorrisDomain.framework in Frameworks */ = {isa = PBXBuildFile; fileRef = 11BE664020FD629700CEB90E /* ChuckNorrisDomain.framework */; };
		11BE664F20FD629700CEB90E /* ChuckNorrisDomainTests.swift in Sources */ = {isa = PBXBuildFile; fileRef = 11BE664E20FD629700CEB90E /* ChuckNorrisDomainTests.swift */; };
		11BE665120FD629700CEB90E /* ChuckNorrisDomain.h in Headers */ = {isa = PBXBuildFile; fileRef = 11BE664320FD629700CEB90E /* ChuckNorrisDomain.h */; settings = {ATTRIBUTES = (Public, ); }; };
		11BE665C20FE6D7100CEB90E /* Joke.swift in Sources */ = {isa = PBXBuildFile; fileRef = 11BE665B20FE6D7100CEB90E /* Joke.swift */; };
		11BE665E20FE8F1D00CEB90E /* Category.swift in Sources */ = {isa = PBXBuildFile; fileRef = 11BE665D20FE8F1D00CEB90E /* Category.swift */; };
		11BE666020FE962D00CEB90E /* PhraseSearched.swift in Sources */ = {isa = PBXBuildFile; fileRef = 11BE665F20FE962D00CEB90E /* PhraseSearched.swift */; };
		11BE666A210125F300CEB90E /* JokeUseCase.swift in Sources */ = {isa = PBXBuildFile; fileRef = 11BE6669210125F300CEB90E /* JokeUseCase.swift */; };
		11BE666C21014A0A00CEB90E /* CategoryUseCase.swift in Sources */ = {isa = PBXBuildFile; fileRef = 11BE666B21014A0A00CEB90E /* CategoryUseCase.swift */; };
		11BE666E21014A2200CEB90E /* PhraseSearchedUseCase.swift in Sources */ = {isa = PBXBuildFile; fileRef = 11BE666D21014A2200CEB90E /* PhraseSearchedUseCase.swift */; };
		B63BC6D9426BBDB9A19B1583 /* Pods_ChuckNorrisDomain.framework in Frameworks */ = {isa = PBXBuildFile; fileRef = 50D1A61926584E11DD9B79FF /* Pods_ChuckNorrisDomain.framework */; };
		CB411FAC4810E4BA394F54FE /* Pods_ChuckNorrisDomainTests.framework in Frameworks */ = {isa = PBXBuildFile; fileRef = D7CEB5E8A2898258EEE8F401 /* Pods_ChuckNorrisDomainTests.framework */; };
/* End PBXBuildFile section */

/* Begin PBXContainerItemProxy section */
		11BE664B20FD629700CEB90E /* PBXContainerItemProxy */ = {
			isa = PBXContainerItemProxy;
			containerPortal = 11BE663720FD629700CEB90E /* Project object */;
			proxyType = 1;
			remoteGlobalIDString = 11BE663F20FD629700CEB90E;
			remoteInfo = ChuckNorrisDomain;
		};
/* End PBXContainerItemProxy section */

/* Begin PBXFileReference section */
		11BE664020FD629700CEB90E /* ChuckNorrisDomain.framework */ = {isa = PBXFileReference; explicitFileType = wrapper.framework; includeInIndex = 0; path = ChuckNorrisDomain.framework; sourceTree = BUILT_PRODUCTS_DIR; };
		11BE664320FD629700CEB90E /* ChuckNorrisDomain.h */ = {isa = PBXFileReference; lastKnownFileType = sourcecode.c.h; path = ChuckNorrisDomain.h; sourceTree = "<group>"; };
		11BE664420FD629700CEB90E /* Info.plist */ = {isa = PBXFileReference; lastKnownFileType = text.plist.xml; path = Info.plist; sourceTree = "<group>"; };
		11BE664920FD629700CEB90E /* ChuckNorrisDomainTests.xctest */ = {isa = PBXFileReference; explicitFileType = wrapper.cfbundle; includeInIndex = 0; path = ChuckNorrisDomainTests.xctest; sourceTree = BUILT_PRODUCTS_DIR; };
		11BE664E20FD629700CEB90E /* ChuckNorrisDomainTests.swift */ = {isa = PBXFileReference; lastKnownFileType = sourcecode.swift; path = ChuckNorrisDomainTests.swift; sourceTree = "<group>"; };
		11BE665020FD629700CEB90E /* Info.plist */ = {isa = PBXFileReference; lastKnownFileType = text.plist.xml; path = Info.plist; sourceTree = "<group>"; };
		11BE665B20FE6D7100CEB90E /* Joke.swift */ = {isa = PBXFileReference; lastKnownFileType = sourcecode.swift; path = Joke.swift; sourceTree = "<group>"; };
		11BE665D20FE8F1D00CEB90E /* Category.swift */ = {isa = PBXFileReference; lastKnownFileType = sourcecode.swift; path = Category.swift; sourceTree = "<group>"; };
		11BE665F20FE962D00CEB90E /* PhraseSearched.swift */ = {isa = PBXFileReference; lastKnownFileType = sourcecode.swift; path = PhraseSearched.swift; sourceTree = "<group>"; };
		11BE6669210125F300CEB90E /* JokeUseCase.swift */ = {isa = PBXFileReference; lastKnownFileType = sourcecode.swift; path = JokeUseCase.swift; sourceTree = "<group>"; };
		11BE666B21014A0A00CEB90E /* CategoryUseCase.swift */ = {isa = PBXFileReference; lastKnownFileType = sourcecode.swift; path = CategoryUseCase.swift; sourceTree = "<group>"; };
		11BE666D21014A2200CEB90E /* PhraseSearchedUseCase.swift */ = {isa = PBXFileReference; lastKnownFileType = sourcecode.swift; path = PhraseSearchedUseCase.swift; sourceTree = "<group>"; };
		50D1A61926584E11DD9B79FF /* Pods_ChuckNorrisDomain.framework */ = {isa = PBXFileReference; explicitFileType = wrapper.framework; includeInIndex = 0; path = Pods_ChuckNorrisDomain.framework; sourceTree = BUILT_PRODUCTS_DIR; };
		74F07677EBA2FC240382049A /* Pods-ChuckNorrisDomainTests.release.xcconfig */ = {isa = PBXFileReference; includeInIndex = 1; lastKnownFileType = text.xcconfig; name = "Pods-ChuckNorrisDomainTests.release.xcconfig"; path = "Pods/Target Support Files/Pods-ChuckNorrisDomainTests/Pods-ChuckNorrisDomainTests.release.xcconfig"; sourceTree = "<group>"; };
		82DC3F622E1592EDFD4388B5 /* Pods-ChuckNorrisDomainTests.debug.xcconfig */ = {isa = PBXFileReference; includeInIndex = 1; lastKnownFileType = text.xcconfig; name = "Pods-ChuckNorrisDomainTests.debug.xcconfig"; path = "Pods/Target Support Files/Pods-ChuckNorrisDomainTests/Pods-ChuckNorrisDomainTests.debug.xcconfig"; sourceTree = "<group>"; };
		86CB9E8816DECADFA3B95637 /* Pods-ChuckNorrisDomain.debug.xcconfig */ = {isa = PBXFileReference; includeInIndex = 1; lastKnownFileType = text.xcconfig; name = "Pods-ChuckNorrisDomain.debug.xcconfig"; path = "Pods/Target Support Files/Pods-ChuckNorrisDomain/Pods-ChuckNorrisDomain.debug.xcconfig"; sourceTree = "<group>"; };
		87B7BE03AC7C65470000CEC6 /* Pods-ChuckNorrisDomain.release.xcconfig */ = {isa = PBXFileReference; includeInIndex = 1; lastKnownFileType = text.xcconfig; name = "Pods-ChuckNorrisDomain.release.xcconfig"; path = "Pods/Target Support Files/Pods-ChuckNorrisDomain/Pods-ChuckNorrisDomain.release.xcconfig"; sourceTree = "<group>"; };
		D7CEB5E8A2898258EEE8F401 /* Pods_ChuckNorrisDomainTests.framework */ = {isa = PBXFileReference; explicitFileType = wrapper.framework; includeInIndex = 0; path = Pods_ChuckNorrisDomainTests.framework; sourceTree = BUILT_PRODUCTS_DIR; };
/* End PBXFileReference section */

/* Begin PBXFrameworksBuildPhase section */
		11BE663C20FD629700CEB90E /* Frameworks */ = {
			isa = PBXFrameworksBuildPhase;
			buildActionMask = 2147483647;
			files = (
				B63BC6D9426BBDB9A19B1583 /* Pods_ChuckNorrisDomain.framework in Frameworks */,
			);
			runOnlyForDeploymentPostprocessing = 0;
		};
		11BE664620FD629700CEB90E /* Frameworks */ = {
			isa = PBXFrameworksBuildPhase;
			buildActionMask = 2147483647;
			files = (
				11BE664A20FD629700CEB90E /* ChuckNorrisDomain.framework in Frameworks */,
				CB411FAC4810E4BA394F54FE /* Pods_ChuckNorrisDomainTests.framework in Frameworks */,
			);
			runOnlyForDeploymentPostprocessing = 0;
		};
/* End PBXFrameworksBuildPhase section */

/* Begin PBXGroup section */
		11BE663620FD629700CEB90E = {
			isa = PBXGroup;
			children = (
				11BE664220FD629700CEB90E /* ChuckNorrisDomain */,
				11BE664D20FD629700CEB90E /* ChuckNorrisDomainTests */,
				11BE664120FD629700CEB90E /* Products */,
				B498C3C2D28B66D70A671362 /* Pods */,
				E2E0CDB10D2DCD63E00D3A50 /* Frameworks */,
			);
			sourceTree = "<group>";
		};
		11BE664120FD629700CEB90E /* Products */ = {
			isa = PBXGroup;
			children = (
				11BE664020FD629700CEB90E /* ChuckNorrisDomain.framework */,
				11BE664920FD629700CEB90E /* ChuckNorrisDomainTests.xctest */,
			);
			name = Products;
			sourceTree = "<group>";
		};
		11BE664220FD629700CEB90E /* ChuckNorrisDomain */ = {
			isa = PBXGroup;
			children = (
				11BE6668210102A900CEB90E /* UseCases */,
				11BE665A20FE4C9C00CEB90E /* Entity */,
				11BE664320FD629700CEB90E /* ChuckNorrisDomain.h */,
				11BE664420FD629700CEB90E /* Info.plist */,
			);
			path = ChuckNorrisDomain;
			sourceTree = "<group>";
		};
		11BE664D20FD629700CEB90E /* ChuckNorrisDomainTests */ = {
			isa = PBXGroup;
			children = (
				11BE664E20FD629700CEB90E /* ChuckNorrisDomainTests.swift */,
				11BE665020FD629700CEB90E /* Info.plist */,
			);
			path = ChuckNorrisDomainTests;
			sourceTree = "<group>";
		};
		11BE665A20FE4C9C00CEB90E /* Entity */ = {
			isa = PBXGroup;
			children = (
				11BE665B20FE6D7100CEB90E /* Joke.swift */,
				11BE665D20FE8F1D00CEB90E /* Category.swift */,
				11BE665F20FE962D00CEB90E /* PhraseSearched.swift */,
			);
			path = Entity;
			sourceTree = "<group>";
		};
		11BE6668210102A900CEB90E /* UseCases */ = {
			isa = PBXGroup;
			children = (
				11BE6669210125F300CEB90E /* JokeUseCase.swift */,
				11BE666B21014A0A00CEB90E /* CategoryUseCase.swift */,
				11BE666D21014A2200CEB90E /* PhraseSearchedUseCase.swift */,
			);
			path = UseCases;
			sourceTree = "<group>";
		};
		B498C3C2D28B66D70A671362 /* Pods */ = {
			isa = PBXGroup;
			children = (
				86CB9E8816DECADFA3B95637 /* Pods-ChuckNorrisDomain.debug.xcconfig */,
				87B7BE03AC7C65470000CEC6 /* Pods-ChuckNorrisDomain.release.xcconfig */,
				82DC3F622E1592EDFD4388B5 /* Pods-ChuckNorrisDomainTests.debug.xcconfig */,
				74F07677EBA2FC240382049A /* Pods-ChuckNorrisDomainTests.release.xcconfig */,
			);
			name = Pods;
			sourceTree = "<group>";
		};
		E2E0CDB10D2DCD63E00D3A50 /* Frameworks */ = {
			isa = PBXGroup;
			children = (
				50D1A61926584E11DD9B79FF /* Pods_ChuckNorrisDomain.framework */,
				D7CEB5E8A2898258EEE8F401 /* Pods_ChuckNorrisDomainTests.framework */,
			);
			name = Frameworks;
			sourceTree = "<group>";
		};
/* End PBXGroup section */

/* Begin PBXHeadersBuildPhase section */
		11BE663D20FD629700CEB90E /* Headers */ = {
			isa = PBXHeadersBuildPhase;
			buildActionMask = 2147483647;
			files = (
				11BE665120FD629700CEB90E /* ChuckNorrisDomain.h in Headers */,
			);
			runOnlyForDeploymentPostprocessing = 0;
		};
/* End PBXHeadersBuildPhase section */

/* Begin PBXNativeTarget section */
		11BE663F20FD629700CEB90E /* ChuckNorrisDomain */ = {
			isa = PBXNativeTarget;
			buildConfigurationList = 11BE665420FD629700CEB90E /* Build configuration list for PBXNativeTarget "ChuckNorrisDomain" */;
			buildPhases = (
				CBC9D9B555B1509CDF121371 /* [CP] Check Pods Manifest.lock */,
				11BE663B20FD629700CEB90E /* Sources */,
				11BE663C20FD629700CEB90E /* Frameworks */,
				11BE663D20FD629700CEB90E /* Headers */,
				11BE663E20FD629700CEB90E /* Resources */,
			);
			buildRules = (
			);
			dependencies = (
			);
			name = ChuckNorrisDomain;
			productName = ChuckNorrisDomain;
			productReference = 11BE664020FD629700CEB90E /* ChuckNorrisDomain.framework */;
			productType = "com.apple.product-type.framework";
		};
		11BE664820FD629700CEB90E /* ChuckNorrisDomainTests */ = {
			isa = PBXNativeTarget;
			buildConfigurationList = 11BE665720FD629700CEB90E /* Build configuration list for PBXNativeTarget "ChuckNorrisDomainTests" */;
			buildPhases = (
				3AD572DE5730D3569DE44294 /* [CP] Check Pods Manifest.lock */,
				11BE664520FD629700CEB90E /* Sources */,
				11BE664620FD629700CEB90E /* Frameworks */,
				11BE664720FD629700CEB90E /* Resources */,
				8631120232112DA35FB8A883 /* [CP] Embed Pods Frameworks */,
			);
			buildRules = (
			);
			dependencies = (
				11BE664C20FD629700CEB90E /* PBXTargetDependency */,
			);
			name = ChuckNorrisDomainTests;
			productName = ChuckNorrisDomainTests;
			productReference = 11BE664920FD629700CEB90E /* ChuckNorrisDomainTests.xctest */;
			productType = "com.apple.product-type.bundle.unit-test";
		};
/* End PBXNativeTarget section */

/* Begin PBXProject section */
		11BE663720FD629700CEB90E /* Project object */ = {
			isa = PBXProject;
			attributes = {
				LastSwiftUpdateCheck = 0940;
				LastUpgradeCheck = 0940;
				ORGANIZATIONNAME = "Fernando Cruz";
				TargetAttributes = {
					11BE663F20FD629700CEB90E = {
						CreatedOnToolsVersion = 9.4.1;
						LastSwiftMigration = 0940;
					};
					11BE664820FD629700CEB90E = {
						CreatedOnToolsVersion = 9.4.1;
					};
				};
			};
			buildConfigurationList = 11BE663A20FD629700CEB90E /* Build configuration list for PBXProject "ChuckNorrisDomain" */;
			compatibilityVersion = "Xcode 9.3";
			developmentRegion = en;
			hasScannedForEncodings = 0;
			knownRegions = (
				en,
			);
			mainGroup = 11BE663620FD629700CEB90E;
			productRefGroup = 11BE664120FD629700CEB90E /* Products */;
			projectDirPath = "";
			projectRoot = "";
			targets = (
				11BE663F20FD629700CEB90E /* ChuckNorrisDomain */,
				11BE664820FD629700CEB90E /* ChuckNorrisDomainTests */,
			);
		};
/* End PBXProject section */

/* Begin PBXResourcesBuildPhase section */
		11BE663E20FD629700CEB90E /* Resources */ = {
			isa = PBXResourcesBuildPhase;
			buildActionMask = 2147483647;
			files = (
			);
			runOnlyForDeploymentPostprocessing = 0;
		};
		11BE664720FD629700CEB90E /* Resources */ = {
			isa = PBXResourcesBuildPhase;
			buildActionMask = 2147483647;
			files = (
			);
			runOnlyForDeploymentPostprocessing = 0;
		};
/* End PBXResourcesBuildPhase section */

/* Begin PBXShellScriptBuildPhase section */
		3AD572DE5730D3569DE44294 /* [CP] Check Pods Manifest.lock */ = {
			isa = PBXShellScriptBuildPhase;
			buildActionMask = 2147483647;
			files = (
			);
			inputPaths = (
				"${PODS_PODFILE_DIR_PATH}/Podfile.lock",
				"${PODS_ROOT}/Manifest.lock",
			);
			name = "[CP] Check Pods Manifest.lock";
			outputPaths = (
				"$(DERIVED_FILE_DIR)/Pods-ChuckNorrisDomainTests-checkManifestLockResult.txt",
			);
			runOnlyForDeploymentPostprocessing = 0;
			shellPath = /bin/sh;
			shellScript = "diff \"${PODS_PODFILE_DIR_PATH}/Podfile.lock\" \"${PODS_ROOT}/Manifest.lock\" > /dev/null\nif [ $? != 0 ] ; then\n    # print error to STDERR\n    echo \"error: The sandbox is not in sync with the Podfile.lock. Run 'pod install' or update your CocoaPods installation.\" >&2\n    exit 1\nfi\n# This output is used by Xcode 'outputs' to avoid re-running this script phase.\necho \"SUCCESS\" > \"${SCRIPT_OUTPUT_FILE_0}\"\n";
			showEnvVarsInLog = 0;
		};
		8631120232112DA35FB8A883 /* [CP] Embed Pods Frameworks */ = {
			isa = PBXShellScriptBuildPhase;
			buildActionMask = 2147483647;
			files = (
			);
			inputPaths = (
				"${SRCROOT}/Pods/Target Support Files/Pods-ChuckNorrisDomainTests/Pods-ChuckNorrisDomainTests-frameworks.sh",
				"${BUILT_PRODUCTS_DIR}/RxSwift/RxSwift.framework",
			);
			name = "[CP] Embed Pods Frameworks";
			outputPaths = (
				"${TARGET_BUILD_DIR}/${FRAMEWORKS_FOLDER_PATH}/RxSwift.framework",
			);
			runOnlyForDeploymentPostprocessing = 0;
			shellPath = /bin/sh;
			shellScript = "\"${SRCROOT}/Pods/Target Support Files/Pods-ChuckNorrisDomainTests/Pods-ChuckNorrisDomainTests-frameworks.sh\"\n";
			showEnvVarsInLog = 0;
		};
		CBC9D9B555B1509CDF121371 /* [CP] Check Pods Manifest.lock */ = {
			isa = PBXShellScriptBuildPhase;
			buildActionMask = 2147483647;
			files = (
			);
			inputPaths = (
				"${PODS_PODFILE_DIR_PATH}/Podfile.lock",
				"${PODS_ROOT}/Manifest.lock",
			);
			name = "[CP] Check Pods Manifest.lock";
			outputPaths = (
				"$(DERIVED_FILE_DIR)/Pods-ChuckNorrisDomain-checkManifestLockResult.txt",
			);
			runOnlyForDeploymentPostprocessing = 0;
			shellPath = /bin/sh;
			shellScript = "diff \"${PODS_PODFILE_DIR_PATH}/Podfile.lock\" \"${PODS_ROOT}/Manifest.lock\" > /dev/null\nif [ $? != 0 ] ; then\n    # print error to STDERR\n    echo \"error: The sandbox is not in sync with the Podfile.lock. Run 'pod install' or update your CocoaPods installation.\" >&2\n    exit 1\nfi\n# This output is used by Xcode 'outputs' to avoid re-running this script phase.\necho \"SUCCESS\" > \"${SCRIPT_OUTPUT_FILE_0}\"\n";
			showEnvVarsInLog = 0;
		};
/* End PBXShellScriptBuildPhase section */

/* Begin PBXSourcesBuildPhase section */
		11BE663B20FD629700CEB90E /* Sources */ = {
			isa = PBXSourcesBuildPhase;
			buildActionMask = 2147483647;
			files = (
				11BE666020FE962D00CEB90E /* PhraseSearched.swift in Sources */,
				11BE665C20FE6D7100CEB90E /* Joke.swift in Sources */,
				11BE666A210125F300CEB90E /* JokeUseCase.swift in Sources */,
				11BE666E21014A2200CEB90E /* PhraseSearchedUseCase.swift in Sources */,
				11BE666C21014A0A00CEB90E /* CategoryUseCase.swift in Sources */,
				11BE665E20FE8F1D00CEB90E /* Category.swift in Sources */,
			);
			runOnlyForDeploymentPostprocessing = 0;
		};
		11BE664520FD629700CEB90E /* Sources */ = {
			isa = PBXSourcesBuildPhase;
			buildActionMask = 2147483647;
			files = (
				11BE664F20FD629700CEB90E /* ChuckNorrisDomainTests.swift in Sources */,
			);
			runOnlyForDeploymentPostprocessing = 0;
		};
/* End PBXSourcesBuildPhase section */

/* Begin PBXTargetDependency section */
		11BE664C20FD629700CEB90E /* PBXTargetDependency */ = {
			isa = PBXTargetDependency;
			target = 11BE663F20FD629700CEB90E /* ChuckNorrisDomain */;
			targetProxy = 11BE664B20FD629700CEB90E /* PBXContainerItemProxy */;
		};
/* End PBXTargetDependency section */

/* Begin XCBuildConfiguration section */
		11BE665220FD629700CEB90E /* Debug */ = {
			isa = XCBuildConfiguration;
			buildSettings = {
				ALWAYS_SEARCH_USER_PATHS = NO;
				CLANG_ANALYZER_NONNULL = YES;
				CLANG_ANALYZER_NUMBER_OBJECT_CONVERSION = YES_AGGRESSIVE;
				CLANG_CXX_LANGUAGE_STANDARD = "gnu++14";
				CLANG_CXX_LIBRARY = "libc++";
				CLANG_ENABLE_MODULES = YES;
				CLANG_ENABLE_OBJC_ARC = YES;
				CLANG_ENABLE_OBJC_WEAK = YES;
				CLANG_WARN_BLOCK_CAPTURE_AUTORELEASING = YES;
				CLANG_WARN_BOOL_CONVERSION = YES;
				CLANG_WARN_COMMA = YES;
				CLANG_WARN_CONSTANT_CONVERSION = YES;
				CLANG_WARN_DEPRECATED_OBJC_IMPLEMENTATIONS = YES;
				CLANG_WARN_DIRECT_OBJC_ISA_USAGE = YES_ERROR;
				CLANG_WARN_DOCUMENTATION_COMMENTS = YES;
				CLANG_WARN_EMPTY_BODY = YES;
				CLANG_WARN_ENUM_CONVERSION = YES;
				CLANG_WARN_INFINITE_RECURSION = YES;
				CLANG_WARN_INT_CONVERSION = YES;
				CLANG_WARN_NON_LITERAL_NULL_CONVERSION = YES;
				CLANG_WARN_OBJC_IMPLICIT_RETAIN_SELF = YES;
				CLANG_WARN_OBJC_LITERAL_CONVERSION = YES;
				CLANG_WARN_OBJC_ROOT_CLASS = YES_ERROR;
				CLANG_WARN_RANGE_LOOP_ANALYSIS = YES;
				CLANG_WARN_STRICT_PROTOTYPES = YES;
				CLANG_WARN_SUSPICIOUS_MOVE = YES;
				CLANG_WARN_UNGUARDED_AVAILABILITY = YES_AGGRESSIVE;
				CLANG_WARN_UNREACHABLE_CODE = YES;
				CLANG_WARN__DUPLICATE_METHOD_MATCH = YES;
				CODE_SIGN_IDENTITY = "iPhone Developer";
				COPY_PHASE_STRIP = NO;
				CURRENT_PROJECT_VERSION = 1;
				DEBUG_INFORMATION_FORMAT = dwarf;
				ENABLE_STRICT_OBJC_MSGSEND = YES;
				ENABLE_TESTABILITY = YES;
				GCC_C_LANGUAGE_STANDARD = gnu11;
				GCC_DYNAMIC_NO_PIC = NO;
				GCC_NO_COMMON_BLOCKS = YES;
				GCC_OPTIMIZATION_LEVEL = 0;
				GCC_PREPROCESSOR_DEFINITIONS = (
					"DEBUG=1",
					"$(inherited)",
				);
				GCC_WARN_64_TO_32_BIT_CONVERSION = YES;
				GCC_WARN_ABOUT_RETURN_TYPE = YES_ERROR;
				GCC_WARN_UNDECLARED_SELECTOR = YES;
				GCC_WARN_UNINITIALIZED_AUTOS = YES_AGGRESSIVE;
				GCC_WARN_UNUSED_FUNCTION = YES;
				GCC_WARN_UNUSED_VARIABLE = YES;
				IPHONEOS_DEPLOYMENT_TARGET = 11.4;
				MTL_ENABLE_DEBUG_INFO = YES;
				ONLY_ACTIVE_ARCH = YES;
				SDKROOT = iphoneos;
				SWIFT_ACTIVE_COMPILATION_CONDITIONS = DEBUG;
				SWIFT_OPTIMIZATION_LEVEL = "-Onone";
				VERSIONING_SYSTEM = "apple-generic";
				VERSION_INFO_PREFIX = "";
			};
			name = Debug;
		};
		11BE665320FD629700CEB90E /* Release */ = {
			isa = XCBuildConfiguration;
			buildSettings = {
				ALWAYS_SEARCH_USER_PATHS = NO;
				CLANG_ANALYZER_NONNULL = YES;
				CLANG_ANALYZER_NUMBER_OBJECT_CONVERSION = YES_AGGRESSIVE;
				CLANG_CXX_LANGUAGE_STANDARD = "gnu++14";
				CLANG_CXX_LIBRARY = "libc++";
				CLANG_ENABLE_MODULES = YES;
				CLANG_ENABLE_OBJC_ARC = YES;
				CLANG_ENABLE_OBJC_WEAK = YES;
				CLANG_WARN_BLOCK_CAPTURE_AUTORELEASING = YES;
				CLANG_WARN_BOOL_CONVERSION = YES;
				CLANG_WARN_COMMA = YES;
				CLANG_WARN_CONSTANT_CONVERSION = YES;
				CLANG_WARN_DEPRECATED_OBJC_IMPLEMENTATIONS = YES;
				CLANG_WARN_DIRECT_OBJC_ISA_USAGE = YES_ERROR;
				CLANG_WARN_DOCUMENTATION_COMMENTS = YES;
				CLANG_WARN_EMPTY_BODY = YES;
				CLANG_WARN_ENUM_CONVERSION = YES;
				CLANG_WARN_INFINITE_RECURSION = YES;
				CLANG_WARN_INT_CONVERSION = YES;
				CLANG_WARN_NON_LITERAL_NULL_CONVERSION = YES;
				CLANG_WARN_OBJC_IMPLICIT_RETAIN_SELF = YES;
				CLANG_WARN_OBJC_LITERAL_CONVERSION = YES;
				CLANG_WARN_OBJC_ROOT_CLASS = YES_ERROR;
				CLANG_WARN_RANGE_LOOP_ANALYSIS = YES;
				CLANG_WARN_STRICT_PROTOTYPES = YES;
				CLANG_WARN_SUSPICIOUS_MOVE = YES;
				CLANG_WARN_UNGUARDED_AVAILABILITY = YES_AGGRESSIVE;
				CLANG_WARN_UNREACHABLE_CODE = YES;
				CLANG_WARN__DUPLICATE_METHOD_MATCH = YES;
				CODE_SIGN_IDENTITY = "iPhone Developer";
				COPY_PHASE_STRIP = NO;
				CURRENT_PROJECT_VERSION = 1;
				DEBUG_INFORMATION_FORMAT = "dwarf-with-dsym";
				ENABLE_NS_ASSERTIONS = NO;
				ENABLE_STRICT_OBJC_MSGSEND = YES;
				GCC_C_LANGUAGE_STANDARD = gnu11;
				GCC_NO_COMMON_BLOCKS = YES;
				GCC_WARN_64_TO_32_BIT_CONVERSION = YES;
				GCC_WARN_ABOUT_RETURN_TYPE = YES_ERROR;
				GCC_WARN_UNDECLARED_SELECTOR = YES;
				GCC_WARN_UNINITIALIZED_AUTOS = YES_AGGRESSIVE;
				GCC_WARN_UNUSED_FUNCTION = YES;
				GCC_WARN_UNUSED_VARIABLE = YES;
				IPHONEOS_DEPLOYMENT_TARGET = 11.4;
				MTL_ENABLE_DEBUG_INFO = NO;
				SDKROOT = iphoneos;
				SWIFT_COMPILATION_MODE = wholemodule;
				SWIFT_OPTIMIZATION_LEVEL = "-O";
				VALIDATE_PRODUCT = YES;
				VERSIONING_SYSTEM = "apple-generic";
				VERSION_INFO_PREFIX = "";
			};
			name = Release;
		};
		11BE665520FD629700CEB90E /* Debug */ = {
			isa = XCBuildConfiguration;
			baseConfigurationReference = 86CB9E8816DECADFA3B95637 /* Pods-ChuckNorrisDomain.debug.xcconfig */;
			buildSettings = {
				CLANG_ENABLE_MODULES = YES;
				CODE_SIGN_IDENTITY = "";
				CODE_SIGN_STYLE = Automatic;
				DEFINES_MODULE = YES;
				DYLIB_COMPATIBILITY_VERSION = 1;
				DYLIB_CURRENT_VERSION = 1;
				DYLIB_INSTALL_NAME_BASE = "@rpath";
				INFOPLIST_FILE = ChuckNorrisDomain/Info.plist;
				INSTALL_PATH = "$(LOCAL_LIBRARY_DIR)/Frameworks";
				LD_RUNPATH_SEARCH_PATHS = (
					"$(inherited)",
					"@executable_path/Frameworks",
					"@loader_path/Frameworks",
				);
				PRODUCT_BUNDLE_IDENTIFIER = fernando.cruz.ChuckNorrisDomain;
				PRODUCT_NAME = "$(TARGET_NAME:c99extidentifier)";
				SKIP_INSTALL = YES;
				SWIFT_OPTIMIZATION_LEVEL = "-Onone";
				SWIFT_VERSION = 4.0;
				TARGETED_DEVICE_FAMILY = "1,2";
			};
			name = Debug;
		};
		11BE665620FD629700CEB90E /* Release */ = {
			isa = XCBuildConfiguration;
			baseConfigurationReference = 87B7BE03AC7C65470000CEC6 /* Pods-ChuckNorrisDomain.release.xcconfig */;
			buildSettings = {
				CLANG_ENABLE_MODULES = YES;
				CODE_SIGN_IDENTITY = "";
				CODE_SIGN_STYLE = Automatic;
				DEFINES_MODULE = YES;
				DYLIB_COMPATIBILITY_VERSION = 1;
				DYLIB_CURRENT_VERSION = 1;
				DYLIB_INSTALL_NAME_BASE = "@rpath";
				INFOPLIST_FILE = ChuckNorrisDomain/Info.plist;
				INSTALL_PATH = "$(LOCAL_LIBRARY_DIR)/Frameworks";
				LD_RUNPATH_SEARCH_PATHS = (
					"$(inherited)",
					"@executable_path/Frameworks",
					"@loader_path/Frameworks",
				);
				PRODUCT_BUNDLE_IDENTIFIER = fernando.cruz.ChuckNorrisDomain;
				PRODUCT_NAME = "$(TARGET_NAME:c99extidentifier)";
				SKIP_INSTALL = YES;
				SWIFT_VERSION = 4.0;
				TARGETED_DEVICE_FAMILY = "1,2";
			};
			name = Release;
		};
		11BE665820FD629700CEB90E /* Debug */ = {
			isa = XCBuildConfiguration;
			baseConfigurationReference = 82DC3F622E1592EDFD4388B5 /* Pods-ChuckNorrisDomainTests.debug.xcconfig */;
			buildSettings = {
				ALWAYS_EMBED_SWIFT_STANDARD_LIBRARIES = YES;
				CODE_SIGN_STYLE = Automatic;
				INFOPLIST_FILE = ChuckNorrisDomainTests/Info.plist;
				LD_RUNPATH_SEARCH_PATHS = (
					"$(inherited)",
					"@executable_path/Frameworks",
					"@loader_path/Frameworks",
				);
				PRODUCT_BUNDLE_IDENTIFIER = fernando.cruz.ChuckNorrisDomainTests;
				PRODUCT_NAME = "$(TARGET_NAME)";
				SWIFT_VERSION = 4.0;
				TARGETED_DEVICE_FAMILY = "1,2";
			};
			name = Debug;
		};
		11BE665920FD629700CEB90E /* Release */ = {
			isa = XCBuildConfiguration;
			baseConfigurationReference = 74F07677EBA2FC240382049A /* Pods-ChuckNorrisDomainTests.release.xcconfig */;
			buildSettings = {
				ALWAYS_EMBED_SWIFT_STANDARD_LIBRARIES = YES;
				CODE_SIGN_STYLE = Automatic;
				INFOPLIST_FILE = ChuckNorrisDomainTests/Info.plist;
				LD_RUNPATH_SEARCH_PATHS = (
					"$(inherited)",
					"@executable_path/Frameworks",
					"@loader_path/Frameworks",
				);
				PRODUCT_BUNDLE_IDENTIFIER = fernando.cruz.ChuckNorrisDomainTests;
				PRODUCT_NAME = "$(TARGET_NAME)";
				SWIFT_VERSION = 4.0;
				TARGETED_DEVICE_FAMILY = "1,2";
			};
			name = Release;
		};
/* End XCBuildConfiguration section */

/* Begin XCConfigurationList section */
		11BE663A20FD629700CEB90E /* Build configuration list for PBXProject "ChuckNorrisDomain" */ = {
			isa = XCConfigurationList;
			buildConfigurations = (
				11BE665220FD629700CEB90E /* Debug */,
				11BE665320FD629700CEB90E /* Release */,
			);
			defaultConfigurationIsVisible = 0;
			defaultConfigurationName = Release;
		};
		11BE665420FD629700CEB90E /* Build configuration list for PBXNativeTarget "ChuckNorrisDomain" */ = {
			isa = XCConfigurationList;
			buildConfigurations = (
				11BE665520FD629700CEB90E /* Debug */,
				11BE665620FD629700CEB90E /* Release */,
			);
			defaultConfigurationIsVisible = 0;
			defaultConfigurationName = Release;
		};
		11BE665720FD629700CEB90E /* Build configuration list for PBXNativeTarget "ChuckNorrisDomainTests" */ = {
			isa = XCConfigurationList;
			buildConfigurations = (
				11BE665820FD629700CEB90E /* Debug */,
				11BE665920FD629700CEB90E /* Release */,
			);
			defaultConfigurationIsVisible = 0;
			defaultConfigurationName = Release;
		};
/* End XCConfigurationList section */
	};
	rootObject = 11BE663720FD629700CEB90E /* Project object */;
}
